
Microsoft Visual Studio Solution File, Format Version 12.00
# Visual Studio Version 17
VisualStudioVersion = 17.0.32014.148
MinimumVisualStudioVersion = 10.0.40219.1
Project("{FAE04EC0-301F-11D3-BF4B-00C04F79EFBC}") = "SupermarketManagementSystem", "SupermarketManagementSystem\SupermarketManagementSystem.csproj", "{DC65E94D-15B4-4845-863E-73424F68034C}"
EndProject
Global
	GlobalSection(SolutionConfigurationPlatforms) = preSolution
		Debug|Any CPU = Debug|Any CPU
		Release|Any CPU = Release|Any CPU
	EndGlobalSection
	GlobalSection(ProjectConfigurationPlatforms) = postSolution
		{DC65E94D-15B4-4845-863E-73424F68034C}.Debug|Any CPU.ActiveCfg = Debug|Any CPU
		{DC65E94D-15B4-4845-863E-73424F68034C}.Debug|Any CPU.Build.0 = Debug|Any CPU
		{DC65E94D-15B4-4845-863E-73424F68034C}.Release|Any CPU.ActiveCfg = Release|Any CPU
		{DC65E94D-15B4-4845-863E-73424F68034C}.Release|Any CPU.Build.0 = Release|Any CPU
	EndGlobalSection
	GlobalSection(SolutionProperties) = preSolution
		HideSolutionNode = FALSE
	EndGlobalSection
	GlobalSection(ExtensibilityGlobals) = postSolution
		SolutionGuid = {04547D27-3D35-442B-8EF5-CD59C76A4C48}
	EndGlobalSection
EndGlobal
